Microsoft Visual Studio Solution File, Format Version 12.00
# Visual Studio Version 16
VisualStudioVersion = 16.0.29411.108
MinimumVisualStudioVersion = 10.0.40219.1
Project("{FAE04EC0-301F-11D3-BF4B-00C04F79EFBC}") = "AdvancedSearch", "AdvancedSearch.csproj", "{27726C7E-7393-4373-AABC-78EF589BD79A}"
EndProject
Global
	GlobalSection(SolutionConfigurationPlatforms) = preSolution
		Debug|Any CPU = Debug|Any CPU
		Release|Any CPU = Release|Any CPU
	EndGlobalSection
	GlobalSection(ProjectConfigurationPlatforms) = postSolution
		{27726C7E-7393-4373-AABC-78EF589BD79A}.Debug|Any CPU.ActiveCfg = Debug|Any CPU
		{27726C7E-7393-4373-AABC-78EF589BD79A}.Debug|Any CPU.Build.0 = Debug|Any CPU
		{27726C7E-7393-4373-AABC-78EF589BD79A}.Release|Any CPU.ActiveCfg = Release|Any CPU
		{27726C7E-7393-4373-AABC-78EF589BD79A}.Release|Any CPU.Build.0 = Release|Any CPU
	EndGlobalSection
	GlobalSection(SolutionProperties) = preSolution
		HideSolutionNode = FALSE
	EndGlobalSection
	GlobalSection(ExtensibilityGlobals) = postSolution
		VisualSVNWorkingCopyRoot = .
		SolutionGuid = {0688EDFA-75C1-4987-81A8-E70FB18C8163}
	EndGlobalSection
EndGlobal
